
Microsoft Visual Studio Solution File, Format Version 12.00
# Visual Studio 15
VisualStudioVersion = 15.0.28010.2050
MinimumVisualStudioVersion = 10.0.40219.1
Project("{E24C65DC-7377-472B-9ABA-BC803B73C61A}") = "HELLOWORLD", "HELLOWORLD\", "{226E06B4-F636-4AE3-9263-189B302A1E2D}"
	ProjectSection(WebsiteProperties) = preProject
		TargetFrameworkMoniker = ".NETFramework,Version%3Dv4.0"
		Debug.AspNetCompiler.VirtualPath = "/localhost_16953"
		Debug.AspNetCompiler.PhysicalPath = "HELLOWORLD\"
		Debug.AspNetCompiler.TargetPath = "PrecompiledWeb\localhost_16953\"
		Debug.AspNetCompiler.Updateable = "true"
		Debug.AspNetCompiler.ForceOverwrite = "true"
		Debug.AspNetCompiler.FixedNames = "false"
		Debug.AspNetCompiler.Debug = "True"
		Release.AspNetCompiler.VirtualPath = "/localhost_16953"
		Release.AspNetCompiler.PhysicalPath = "HELLOWORLD\"
		Release.AspNetCompiler.TargetPath = "PrecompiledWeb\localhost_16953\"
		Release.AspNetCompiler.Updateable = "true"
		Release.AspNetCompiler.ForceOverwrite = "true"
		Release.AspNetCompiler.FixedNames = "false"
		Release.AspNetCompiler.Debug = "False"
		VWDPort = "16953"
		SlnRelativePath = "HELLOWORLD\"
		DefaultWebSiteLanguage = "Visual C#"
	EndProjectSection
EndProject
Project("{E24C65DC-7377-472B-9ABA-BC803B73C61A}") = "Javascript_Dom", "Javascript_Dom\", "{218906E6-3E81-4636-96B4-C0C07B900CD6}"
	ProjectSection(WebsiteProperties) = preProject
		TargetFrameworkMoniker = ".NETFramework,Version%3Dv4.0"
		Debug.AspNetCompiler.VirtualPath = "/localhost_23412"
		Debug.AspNetCompiler.PhysicalPath = "Javascript_Dom\"
		Debug.AspNetCompiler.TargetPath = "PrecompiledWeb\localhost_23412\"
		Debug.AspNetCompiler.Updateable = "true"
		Debug.AspNetCompiler.ForceOverwrite = "true"
		Debug.AspNetCompiler.FixedNames = "false"
		Debug.AspNetCompiler.Debug = "True"
		Release.AspNetCompiler.VirtualPath = "/localhost_23412"
		Release.AspNetCompiler.PhysicalPath = "Javascript_Dom\"
		Release.AspNetCompiler.TargetPath = "PrecompiledWeb\localhost_23412\"
		Release.AspNetCompiler.Updateable = "true"
		Release.AspNetCompiler.ForceOverwrite = "true"
		Release.AspNetCompiler.FixedNames = "false"
		Release.AspNetCompiler.Debug = "False"
		VWDPort = "23412"
		SlnRelativePath = "Javascript_Dom\"
		DefaultWebSiteLanguage = "Visual C#"
	EndProjectSection
EndProject
Project("{E24C65DC-7377-472B-9ABA-BC803B73C61A}") = "跑马灯(1)", "跑马灯\", "{27EDC2EE-82A0-49C0-BBA9-151556815082}"
	ProjectSection(WebsiteProperties) = preProject
		TargetFrameworkMoniker = ".NETFramework,Version%3Dv4.0"
		Debug.AspNetCompiler.VirtualPath = "/localhost_45538"
		Debug.AspNetCompiler.PhysicalPath = "跑马灯\"
		Debug.AspNetCompiler.TargetPath = "PrecompiledWeb\localhost_45538\"
		Debug.AspNetCompiler.Updateable = "true"
		Debug.AspNetCompiler.ForceOverwrite = "true"
		Debug.AspNetCompiler.FixedNames = "false"
		Debug.AspNetCompiler.Debug = "True"
		Release.AspNetCompiler.VirtualPath = "/localhost_45538"
		Release.AspNetCompiler.PhysicalPath = "跑马灯\"
		Release.AspNetCompiler.TargetPath = "PrecompiledWeb\localhost_45538\"
		Release.AspNetCompiler.Updateable = "true"
		Release.AspNetCompiler.ForceOverwrite = "true"
		Release.AspNetCompiler.FixedNames = "false"
		Release.AspNetCompiler.Debug = "False"
		VWDPort = "45538"
		SlnRelativePath = "跑马灯\"
		DefaultWebSiteLanguage = "Visual C#"
	EndProjectSection
EndProject
Project("{E24C65DC-7377-472B-9ABA-BC803B73C61A}") = "加法计算器", "加法计算器\", "{02B0C322-84D0-43CC-B0F5-84768E482130}"
	ProjectSection(WebsiteProperties) = preProject
		TargetFrameworkMoniker = ".NETFramework,Version%3Dv4.0"
		Debug.AspNetCompiler.VirtualPath = "/localhost_33146"
		Debug.AspNetCompiler.PhysicalPath = "加法计算器\"
		Debug.AspNetCompiler.TargetPath = "PrecompiledWeb\localhost_33146\"
		Debug.AspNetCompiler.Updateable = "true"
		Debug.AspNetCompiler.ForceOverwrite = "true"
		Debug.AspNetCompiler.FixedNames = "false"
		Debug.AspNetCompiler.Debug = "True"
		Release.AspNetCompiler.VirtualPath = "/localhost_33146"
		Release.AspNetCompiler.PhysicalPath = "加法计算器\"
		Release.AspNetCompiler.TargetPath = "PrecompiledWeb\localhost_33146\"
		Release.AspNetCompiler.Updateable = "true"
		Release.AspNetCompiler.ForceOverwrite = "true"
		Release.AspNetCompiler.FixedNames = "false"
		Release.AspNetCompiler.Debug = "False"
		VWDPort = "33146"
		SlnRelativePath = "加法计算器\"
		DefaultWebSiteLanguage = "Visual C#"
	EndProjectSection
EndProject
Project("{E24C65DC-7377-472B-9ABA-BC803B73C61A}") = "点谁谁哭", "点谁谁哭\", "{892836E8-CE97-42AA-8E2F-D9193BBA78C8}"
	ProjectSection(WebsiteProperties) = preProject
		TargetFrameworkMoniker = ".NETFramework,Version%3Dv4.0"
		Debug.AspNetCompiler.VirtualPath = "/localhost_35860"
		Debug.AspNetCompiler.PhysicalPath = "点谁谁哭\"
		Debug.AspNetCompiler.TargetPath = "PrecompiledWeb\localhost_35860\"
		Debug.AspNetCompiler.Updateable = "true"
		Debug.AspNetCompiler.ForceOverwrite = "true"
		Debug.AspNetCompiler.FixedNames = "false"
		Debug.AspNetCompiler.Debug = "True"
		Release.AspNetCompiler.VirtualPath = "/localhost_35860"
		Release.AspNetCompiler.PhysicalPath = "点谁谁哭\"
		Release.AspNetCompiler.TargetPath = "PrecompiledWeb\localhost_35860\"
		Release.AspNetCompiler.Updateable = "true"
		Release.AspNetCompiler.ForceOverwrite = "true"
		Release.AspNetCompiler.FixedNames = "false"
		Release.AspNetCompiler.Debug = "False"
		VWDPort = "35860"
		SlnRelativePath = "点谁谁哭\"
		DefaultWebSiteLanguage = "Visual C#"
	EndProjectSection
EndProject
Project("{E24C65DC-7377-472B-9ABA-BC803B73C61A}") = "动态添加节点", "动态添加节点\", "{E4AD6134-40AD-46FF-B6C6-C1B5ECCBA785}"
	ProjectSection(WebsiteProperties) = preProject
		TargetFrameworkMoniker = ".NETFramework,Version%3Dv4.0"
		Debug.AspNetCompiler.VirtualPath = "/localhost_43839"
		Debug.AspNetCompiler.PhysicalPath = "动态添加节点\"
		Debug.AspNetCompiler.TargetPath = "PrecompiledWeb\localhost_43839\"
		Debug.AspNetCompiler.Updateable = "true"
		Debug.AspNetCompiler.ForceOverwrite = "true"
		Debug.AspNetCompiler.FixedNames = "false"
		Debug.AspNetCompiler.Debug = "True"
		Release.AspNetCompiler.VirtualPath = "/localhost_43839"
		Release.AspNetCompiler.PhysicalPath = "动态添加节点\"
		Release.AspNetCompiler.TargetPath = "PrecompiledWeb\localhost_43839\"
		Release.AspNetCompiler.Updateable = "true"
		Release.AspNetCompiler.ForceOverwrite = "true"
		Release.AspNetCompiler.FixedNames = "false"
		Release.AspNetCompiler.Debug = "False"
		VWDPort = "43839"
		SlnRelativePath = "动态添加节点\"
		DefaultWebSiteLanguage = "Visual C#"
	EndProjectSection
EndProject
Project("{E24C65DC-7377-472B-9ABA-BC803B73C61A}") = "动图", "动图\", "{217B9E2B-837B-413C-A1B5-9461DEFBE4EC}"
	ProjectSection(WebsiteProperties) = preProject
		TargetFrameworkMoniker = ".NETFramework,Version%3Dv4.0"
		Debug.AspNetCompiler.VirtualPath = "/localhost_51349"
		Debug.AspNetCompiler.PhysicalPath = "动图\"
		Debug.AspNetCompiler.TargetPath = "PrecompiledWeb\localhost_51349\"
		Debug.AspNetCompiler.Updateable = "true"
		Debug.AspNetCompiler.ForceOverwrite = "true"
		Debug.AspNetCompiler.FixedNames = "false"
		Debug.AspNetCompiler.Debug = "True"
		Release.AspNetCompiler.VirtualPath = "/localhost_51349"
		Release.AspNetCompiler.PhysicalPath = "动图\"
		Release.AspNetCompiler.TargetPath = "PrecompiledWeb\localhost_51349\"
		Release.AspNetCompiler.Updateable = "true"
		Release.AspNetCompiler.ForceOverwrite = "true"
		Release.AspNetCompiler.FixedNames = "false"
		Release.AspNetCompiler.Debug = "False"
		VWDPort = "51349"
		SlnRelativePath = "动图\"
		DefaultWebSiteLanguage = "Visual C#"
	EndProjectSection
EndProject
Project("{E24C65DC-7377-472B-9ABA-BC803B73C61A}") = "透视图", "透视图\", "{CF9A8624-2020-4693-9A1D-8C9F9D2E21D5}"
	ProjectSection(WebsiteProperties) = preProject
		TargetFrameworkMoniker = ".NETFramework,Version%3Dv4.0"
		Debug.AspNetCompiler.VirtualPath = "/localhost_3868"
		Debug.AspNetCompiler.PhysicalPath = "透视图\"
		Debug.AspNetCompiler.TargetPath = "PrecompiledWeb\localhost_3868\"
		Debug.AspNetCompiler.Updateable = "true"
		Debug.AspNetCompiler.ForceOverwrite = "true"
		Debug.AspNetCompiler.FixedNames = "false"
		Debug.AspNetCompiler.Debug = "True"
		Release.AspNetCompiler.VirtualPath = "/localhost_3868"
		Release.AspNetCompiler.PhysicalPath = "透视图\"
		Release.AspNetCompiler.TargetPath = "PrecompiledWeb\localhost_3868\"
		Release.AspNetCompiler.Updateable = "true"
		Release.AspNetCompiler.ForceOverwrite = "true"
		Release.AspNetCompiler.FixedNames = "false"
		Release.AspNetCompiler.Debug = "False"
		VWDPort = "3868"
		SlnRelativePath = "透视图\"
		DefaultWebSiteLanguage = "Visual C#"
	EndProjectSection
EndProject
Global
	GlobalSection(SolutionConfigurationPlatforms) = preSolution
		Debug|Any CPU = Debug|Any CPU
		Release|Any CPU = Release|Any CPU
	EndGlobalSection
	GlobalSection(ProjectConfigurationPlatforms) = postSolution
		{226E06B4-F636-4AE3-9263-189B302A1E2D}.Debug|Any CPU.ActiveCfg = Debug|Any CPU
		{226E06B4-F636-4AE3-9263-189B302A1E2D}.Debug|Any CPU.Build.0 = Debug|Any CPU
		{226E06B4-F636-4AE3-9263-189B302A1E2D}.Release|Any CPU.ActiveCfg = Debug|Any CPU
		{226E06B4-F636-4AE3-9263-189B302A1E2D}.Release|Any CPU.Build.0 = Debug|Any CPU
		{218906E6-3E81-4636-96B4-C0C07B900CD6}.Debug|Any CPU.ActiveCfg = Debug|Any CPU
		{218906E6-3E81-4636-96B4-C0C07B900CD6}.Debug|Any CPU.Build.0 = Debug|Any CPU
		{218906E6-3E81-4636-96B4-C0C07B900CD6}.Release|Any CPU.ActiveCfg = Debug|Any CPU
		{218906E6-3E81-4636-96B4-C0C07B900CD6}.Release|Any CPU.Build.0 = Debug|Any CPU
		{27EDC2EE-82A0-49C0-BBA9-151556815082}.Debug|Any CPU.ActiveCfg = Debug|Any CPU
		{27EDC2EE-82A0-49C0-BBA9-151556815082}.Debug|Any CPU.Build.0 = Debug|Any CPU
		{27EDC2EE-82A0-49C0-BBA9-151556815082}.Release|Any CPU.ActiveCfg = Debug|Any CPU
		{27EDC2EE-82A0-49C0-BBA9-151556815082}.Release|Any CPU.Build.0 = Debug|Any CPU
		{02B0C322-84D0-43CC-B0F5-84768E482130}.Debug|Any CPU.ActiveCfg = Debug|Any CPU
		{02B0C322-84D0-43CC-B0F5-84768E482130}.Debug|Any CPU.Build.0 = Debug|Any CPU
		{02B0C322-84D0-43CC-B0F5-84768E482130}.Release|Any CPU.ActiveCfg = Debug|Any CPU
		{02B0C322-84D0-43CC-B0F5-84768E482130}.Release|Any CPU.Build.0 = Debug|Any CPU
		{892836E8-CE97-42AA-8E2F-D9193BBA78C8}.Debug|Any CPU.ActiveCfg = Debug|Any CPU
		{892836E8-CE97-42AA-8E2F-D9193BBA78C8}.Debug|Any CPU.Build.0 = Debug|Any CPU
		{892836E8-CE97-42AA-8E2F-D9193BBA78C8}.Release|Any CPU.ActiveCfg = Debug|Any CPU
		{892836E8-CE97-42AA-8E2F-D9193BBA78C8}.Release|Any CPU.Build.0 = Debug|Any CPU
		{E4AD6134-40AD-46FF-B6C6-C1B5ECCBA785}.Debug|Any CPU.ActiveCfg = Debug|Any CPU
		{E4AD6134-40AD-46FF-B6C6-C1B5ECCBA785}.Debug|Any CPU.Build.0 = Debug|Any CPU
		{E4AD6134-40AD-46FF-B6C6-C1B5ECCBA785}.Release|Any CPU.ActiveCfg = Debug|Any CPU
		{E4AD6134-40AD-46FF-B6C6-C1B5ECCBA785}.Release|Any CPU.Build.0 = Debug|Any CPU
		{217B9E2B-837B-413C-A1B5-9461DEFBE4EC}.Debug|Any CPU.ActiveCfg = Debug|Any CPU
		{217B9E2B-837B-413C-A1B5-9461DEFBE4EC}.Debug|Any CPU.Build.0 = Debug|Any CPU
		{217B9E2B-837B-413C-A1B5-9461DEFBE4EC}.Release|Any CPU.ActiveCfg = Debug|Any CPU
		{217B9E2B-837B-413C-A1B5-9461DEFBE4EC}.Release|Any CPU.Build.0 = Debug|Any CPU
		{CF9A8624-2020-4693-9A1D-8C9F9D2E21D5}.Debug|Any CPU.ActiveCfg = Debug|Any CPU
		{CF9A8624-2020-4693-9A1D-8C9F9D2E21D5}.Debug|Any CPU.Build.0 = Debug|Any CPU
		{CF9A8624-2020-4693-9A1D-8C9F9D2E21D5}.Release|Any CPU.ActiveCfg = Debug|Any CPU
		{CF9A8624-2020-4693-9A1D-8C9F9D2E21D5}.Release|Any CPU.Build.0 = Debug|Any CPU
	EndGlobalSection
	GlobalSection(SolutionProperties) = preSolution
		HideSolutionNode = FALSE
	EndGlobalSection
	GlobalSection(ExtensibilityGlobals) = postSolution
		SolutionGuid = {0200C51F-EF3D-4400-ACE2-E00F98E0272E}
	EndGlobalSection
EndGlobal
